// !$*UTF8*$!
{
	archiveVersion = 1;
	classes = {
	};
	objectVersion = 50;
	objects = {

/* Begin PBXBuildFile section */
		C3262D8F2682996200025A60 /* ImportedCovid19Vaccine.swift in Sources */ = {isa = PBXBuildFile; fileRef = C3262D8E2682996200025A60 /* ImportedCovid19Vaccine.swift */; };
		C3262D91268299C900025A60 /* LocalCovid19Vaccine.swift in Sources */ = {isa = PBXBuildFile; fileRef = C3262D90268299C900025A60 /* LocalCovid19Vaccine.swift */; };
		C3262D9326829BD000025A60 /* Extension.swift in Sources */ = {isa = PBXBuildFile; fileRef = C3262D9226829BD000025A60 /* Extension.swift */; };
		C3262D992682ACD300025A60 /* VaccinationCenter.swift in Sources */ = {isa = PBXBuildFile; fileRef = C3262D982682ACD300025A60 /* VaccinationCenter.swift */; };
		C3262D9B2682AD0600025A60 /* Builder.swift in Sources */ = {isa = PBXBuildFile; fileRef = C3262D9A2682AD0600025A60 /* Builder.swift */; };
		C3262D9D2682AE8600025A60 /* VaccinationCenterBuilder.swift in Sources */ = {isa = PBXBuildFile; fileRef = C3262D9C2682AE8600025A60 /* VaccinationCenterBuilder.swift */; };
		C3262D9F2682B2FC00025A60 /* Director.swift in Sources */ = {isa = PBXBuildFile; fileRef = C3262D9E2682B2FC00025A60 /* Director.swift */; };
		C3262DA226832A6D00025A60 /* DashboardViewController.swift in Sources */ = {isa = PBXBuildFile; fileRef = C3262DA026832A6D00025A60 /* DashboardViewController.swift */; };
		C3262DA326832A6D00025A60 /* DashboardViewController.xib in Resources */ = {isa = PBXBuildFile; fileRef = C3262DA126832A6D00025A60 /* DashboardViewController.xib */; };
		C3262DA626832C6D00025A60 /* LocationManager.swift in Sources */ = {isa = PBXBuildFile; fileRef = C3262DA526832C6D00025A60 /* LocationManager.swift */; };
		C3471F4B266B88B600E7F9F9 /* AppDelegate.swift in Sources */ = {isa = PBXBuildFile; fileRef = C3471F4A266B88B600E7F9F9 /* AppDelegate.swift */; };
		C3471F4D266B88B600E7F9F9 /* SceneDelegate.swift in Sources */ = {isa = PBXBuildFile; fileRef = C3471F4C266B88B600E7F9F9 /* SceneDelegate.swift */; };
		C3471F4F266B88B600E7F9F9 /* ViewController.swift in Sources */ = {isa = PBXBuildFile; fileRef = C3471F4E266B88B600E7F9F9 /* ViewController.swift */; };
		C3471F52266B88B600E7F9F9 /* Main.storyboard in Resources */ = {isa = PBXBuildFile; fileRef = C3471F50266B88B600E7F9F9 /* Main.storyboard */; };
		C3471F54266B88BA00E7F9F9 /* Assets.xcassets in Resources */ = {isa = PBXBuildFile; fileRef = C3471F53266B88BA00E7F9F9 /* Assets.xcassets */; };
		C3471F57266B88BA00E7F9F9 /* LaunchScreen.storyboard in Resources */ = {isa = PBXBuildFile; fileRef = C3471F55266B88BA00E7F9F9 /* LaunchScreen.storyboard */; };
		C3471F62266B88BA00E7F9F9 /* VaccineAssistantTests.swift in Sources */ = {isa = PBXBuildFile; fileRef = C3471F61266B88BA00E7F9F9 /* VaccineAssistantTests.swift */; };
		C3471F6D266B88BA00E7F9F9 /* VaccineAssistantUITests.swift in Sources */ = {isa = PBXBuildFile; fileRef = C3471F6C266B88BA00E7F9F9 /* VaccineAssistantUITests.swift */; };
		C3471F7C266B8C0D00E7F9F9 /* VaccineFactory.swift in Sources */ = {isa = PBXBuildFile; fileRef = C3471F7B266B8C0D00E7F9F9 /* VaccineFactory.swift */; };
		C3471F7E266BB07300E7F9F9 /* Covid19Vaccine.swift in Sources */ = {isa = PBXBuildFile; fileRef = C3471F7D266BB07300E7F9F9 /* Covid19Vaccine.swift */; };
		C3471F80266BB22C00E7F9F9 /* DengueVaccine.swift in Sources */ = {isa = PBXBuildFile; fileRef = C3471F7F266BB22C00E7F9F9 /* DengueVaccine.swift */; };
		C3471F82266BB35C00E7F9F9 /* ImportedVaccineFactory.swift in Sources */ = {isa = PBXBuildFile; fileRef = C3471F81266BB35C00E7F9F9 /* ImportedVaccineFactory.swift */; };
		C3471F84266BB3BB00E7F9F9 /* LocalVaccineFactory.swift in Sources */ = {isa = PBXBuildFile; fileRef = C3471F83266BB3BB00E7F9F9 /* LocalVaccineFactory.swift */; };
		C3471F86266BB5EB00E7F9F9 /* ImportedDengueVaccine.swift in Sources */ = {isa = PBXBuildFile; fileRef = C3471F85266BB5EB00E7F9F9 /* ImportedDengueVaccine.swift */; };
		C3471F88266BB5FE00E7F9F9 /* LocalDengueVaccine.swift in Sources */ = {isa = PBXBuildFile; fileRef = C3471F87266BB5FE00E7F9F9 /* LocalDengueVaccine.swift */; };
/* End PBXBuildFile section */

/* Begin PBXContainerItemProxy section */
		C3471F5E266B88BA00E7F9F9 /* PBXContainerItemProxy */ = {
			isa = PBXContainerItemProxy;
			containerPortal = C3471F3F266B88B600E7F9F9 /* Project object */;
			proxyType = 1;
			remoteGlobalIDString = C3471F46266B88B600E7F9F9;
			remoteInfo = VaccineAssistant;
		};
		C3471F69266B88BA00E7F9F9 /* PBXContainerItemProxy */ = {
			isa = PBXContainerItemProxy;
			containerPortal = C3471F3F266B88B600E7F9F9 /* Project object */;
			proxyType = 1;
			remoteGlobalIDString = C3471F46266B88B600E7F9F9;
			remoteInfo = VaccineAssistant;
		};
/* End PBXContainerItemProxy section */

/* Begin PBXFileReference section */
		C3262D8E2682996200025A60 /* ImportedCovid19Vaccine.swift */ = {isa = PBXFileReference; lastKnownFileType = sourcecode.swift; path = ImportedCovid19Vaccine.swift; sourceTree = "<group>"; };
		C3262D90268299C900025A60 /* LocalCovid19Vaccine.swift */ = {isa = PBXFileReference; lastKnownFileType = sourcecode.swift; path = LocalCovid19Vaccine.swift; sourceTree = "<group>"; };
		C3262D9226829BD000025A60 /* Extension.swift */ = {isa = PBXFileReference; lastKnownFileType = sourcecode.swift; path = Extension.swift; sourceTree = "<group>"; };
		C3262D982682ACD300025A60 /* VaccinationCenter.swift */ = {isa = PBXFileReference; lastKnownFileType = sourcecode.swift; path = VaccinationCenter.swift; sourceTree = "<group>"; };
		C3262D9A2682AD0600025A60 /* Builder.swift */ = {isa = PBXFileReference; lastKnownFileType = sourcecode.swift; path = Builder.swift; sourceTree = "<group>"; };
		C3262D9C2682AE8600025A60 /* VaccinationCenterBuilder.swift */ = {isa = PBXFileReference; lastKnownFileType = sourcecode.swift; path = VaccinationCenterBuilder.swift; sourceTree = "<group>"; };
		C3262D9E2682B2FC00025A60 /* Director.swift */ = {isa = PBXFileReference; lastKnownFileType = sourcecode.swift; path = Director.swift; sourceTree = "<group>"; };
		C3262DA026832A6D00025A60 /* DashboardViewController.swift */ = {isa = PBXFileReference; lastKnownFileType = sourcecode.swift; path = DashboardViewController.swift; sourceTree = "<group>"; };
		C3262DA126832A6D00025A60 /* DashboardViewController.xib */ = {isa = PBXFileReference; lastKnownFileType = file.xib; path = DashboardViewController.xib; sourceTree = "<group>"; };
		C3262DA526832C6D00025A60 /* LocationManager.swift */ = {isa = PBXFileReference; lastKnownFileType = sourcecode.swift; path = LocationManager.swift; sourceTree = "<group>"; };
		C3471F47266B88B600E7F9F9 /* VaccineAssistant.app */ = {isa = PBXFileReference; explicitFileType = wrapper.application; includeInIndex = 0; path = VaccineAssistant.app; sourceTree = BUILT_PRODUCTS_DIR; };
		C3471F4A266B88B600E7F9F9 /* AppDelegate.swift */ = {isa = PBXFileReference; lastKnownFileType = sourcecode.swift; path = AppDelegate.swift; sourceTree = "<group>"; };
		C3471F4C266B88B600E7F9F9 /* SceneDelegate.swift */ = {isa = PBXFileReference; lastKnownFileType = sourcecode.swift; path = SceneDelegate.swift; sourceTree = "<group>"; };
		C3471F4E266B88B600E7F9F9 /* ViewController.swift */ = {isa = PBXFileReference; lastKnownFileType = sourcecode.swift; path = ViewController.swift; sourceTree = "<group>"; };
		C3471F51266B88B600E7F9F9 /* Base */ = {isa = PBXFileReference; lastKnownFileType = file.storyboard; name = Base; path = Base.lproj/Main.storyboard; sourceTree = "<group>"; };
		C3471F53266B88BA00E7F9F9 /* Assets.xcassets */ = {isa = PBXFileReference; lastKnownFileType = folder.assetcatalog; path = Assets.xcassets; sourceTree = "<group>"; };
		C3471F56266B88BA00E7F9F9 /* Base */ = {isa = PBXFileReference; lastKnownFileType = file.storyboard; name = Base; path = Base.lproj/LaunchScreen.storyboard; sourceTree = "<group>"; };
		C3471F58266B88BA00E7F9F9 /* Info.plist */ = {isa = PBXFileReference; lastKnownFileType = text.plist.xml; path = Info.plist; sourceTree = "<group>"; };
		C3471F5D266B88BA00E7F9F9 /* VaccineAssistantTests.xctest */ = {isa = PBXFileReference; explicitFileType = wrapper.cfbundle; includeInIndex = 0; path = VaccineAssistantTests.xctest; sourceTree = BUILT_PRODUCTS_DIR; };
		C3471F61266B88BA00E7F9F9 /* VaccineAssistantTests.swift */ = {isa = PBXFileReference; lastKnownFileType = sourcecode.swift; path = VaccineAssistantTests.swift; sourceTree = "<group>"; };
		C3471F63266B88BA00E7F9F9 /* Info.plist */ = {isa = PBXFileReference; lastKnownFileType = text.plist.xml; path = Info.plist; sourceTree = "<group>"; };
		C3471F68266B88BA00E7F9F9 /* VaccineAssistantUITests.xctest */ = {isa = PBXFileReference; explicitFileType = wrapper.cfbundle; includeInIndex = 0; path = VaccineAssistantUITests.xctest; sourceTree = BUILT_PRODUCTS_DIR; };
		C3471F6C266B88BA00E7F9F9 /* VaccineAssistantUITests.swift */ = {isa = PBXFileReference; lastKnownFileType = sourcecode.swift; path = VaccineAssistantUITests.swift; sourceTree = "<group>"; };
		C3471F6E266B88BA00E7F9F9 /* Info.plist */ = {isa = PBXFileReference; lastKnownFileType = text.plist.xml; path = Info.plist; sourceTree = "<group>"; };
		C3471F7B266B8C0D00E7F9F9 /* VaccineFactory.swift */ = {isa = PBXFileReference; lastKnownFileType = sourcecode.swift; path = VaccineFactory.swift; sourceTree = "<group>"; };
		C3471F7D266BB07300E7F9F9 /* Covid19Vaccine.swift */ = {isa = PBXFileReference; lastKnownFileType = sourcecode.swift; path = Covid19Vaccine.swift; sourceTree = "<group>"; };
		C3471F7F266BB22C00E7F9F9 /* DengueVaccine.swift */ = {isa = PBXFileReference; lastKnownFileType = sourcecode.swift; path = DengueVaccine.swift; sourceTree = "<group>"; };
		C3471F81266BB35C00E7F9F9 /* ImportedVaccineFactory.swift */ = {isa = PBXFileReference; lastKnownFileType = sourcecode.swift; path = ImportedVaccineFactory.swift; sourceTree = "<group>"; };
		C3471F83266BB3BB00E7F9F9 /* LocalVaccineFactory.swift */ = {isa = PBXFileReference; lastKnownFileType = sourcecode.swift; path = LocalVaccineFactory.swift; sourceTree = "<group>"; };
		C3471F85266BB5EB00E7F9F9 /* ImportedDengueVaccine.swift */ = {isa = PBXFileReference; lastKnownFileType = sourcecode.swift; path = ImportedDengueVaccine.swift; sourceTree = "<group>"; };
		C3471F87266BB5FE00E7F9F9 /* LocalDengueVaccine.swift */ = {isa = PBXFileReference; lastKnownFileType = sourcecode.swift; path = LocalDengueVaccine.swift; sourceTree = "<group>"; };
/* End PBXFileReference section */

/* Begin PBXFrameworksBuildPhase section */
		C3471F44266B88B600E7F9F9 /* Frameworks */ = {
			isa = PBXFrameworksBuildPhase;
			buildActionMask = 2147483647;
			files = (
			);
			runOnlyForDeploymentPostprocessing = 0;
		};
		C3471F5A266B88BA00E7F9F9 /* Frameworks */ = {
			isa = PBXFrameworksBuildPhase;
			buildActionMask = 2147483647;
			files = (
			);
			runOnlyForDeploymentPostprocessing = 0;
		};
		C3471F65266B88BA00E7F9F9 /* Frameworks */ = {
			isa = PBXFrameworksBuildPhase;
			buildActionMask = 2147483647;
			files = (
			);
			runOnlyForDeploymentPostprocessing = 0;
		};
/* End PBXFrameworksBuildPhase section */

/* Begin PBXGroup section */
		C3262D9426829D9C00025A60 /* Factories */ = {
			isa = PBXGroup;
			children = (
				C3471F7B266B8C0D00E7F9F9 /* VaccineFactory.swift */,
				C3471F81266BB35C00E7F9F9 /* ImportedVaccineFactory.swift */,
				C3471F83266BB3BB00E7F9F9 /* LocalVaccineFactory.swift */,
			);
			path = Factories;
			sourceTree = "<group>";
		};
		C3262D952682A09F00025A60 /* ConcreteClasses */ = {
			isa = PBXGroup;
			children = (
				C3471F85266BB5EB00E7F9F9 /* ImportedDengueVaccine.swift */,
				C3471F87266BB5FE00E7F9F9 /* LocalDengueVaccine.swift */,
				C3262D8E2682996200025A60 /* ImportedCovid19Vaccine.swift */,
				C3262D90268299C900025A60 /* LocalCovid19Vaccine.swift */,
			);
			path = ConcreteClasses;
			sourceTree = "<group>";
		};
		C3262D962682ACA200025A60 /* Interfaces */ = {
			isa = PBXGroup;
			children = (
				C3471F7D266BB07300E7F9F9 /* Covid19Vaccine.swift */,
				C3471F7F266BB22C00E7F9F9 /* DengueVaccine.swift */,
			);
			path = Interfaces;
			sourceTree = "<group>";
		};
		C3262D972682ACBB00025A60 /* Builder */ = {
			isa = PBXGroup;
			children = (
				C3262D982682ACD300025A60 /* VaccinationCenter.swift */,
				C3262D9A2682AD0600025A60 /* Builder.swift */,
				C3262D9C2682AE8600025A60 /* VaccinationCenterBuilder.swift */,
				C3262D9E2682B2FC00025A60 /* Director.swift */,
			);
			path = Builder;
			sourceTree = "<group>";
		};
		C3262DA426832C4400025A60 /* Singleton */ = {
			isa = PBXGroup;
			children = (
				C3262DA526832C6D00025A60 /* LocationManager.swift */,
			);
			path = Singleton;
			sourceTree = "<group>";
		};
		C3471F3E266B88B600E7F9F9 = {
			isa = PBXGroup;
			children = (
				C3471F49266B88B600E7F9F9 /* VaccineAssistant */,
				C3471F60266B88BA00E7F9F9 /* VaccineAssistantTests */,
				C3471F6B266B88BA00E7F9F9 /* VaccineAssistantUITests */,
				C3471F48266B88B600E7F9F9 /* Products */,
			);
			sourceTree = "<group>";
		};
		C3471F48266B88B600E7F9F9 /* Products */ = {
			isa = PBXGroup;
			children = (
				C3471F47266B88B600E7F9F9 /* VaccineAssistant.app */,
				C3471F5D266B88BA00E7F9F9 /* VaccineAssistantTests.xctest */,
				C3471F68266B88BA00E7F9F9 /* VaccineAssistantUITests.xctest */,
			);
			name = Products;
			sourceTree = "<group>";
		};
		C3471F49266B88B600E7F9F9 /* VaccineAssistant */ = {
			isa = PBXGroup;
			children = (
				C3471F7A266B8BB500E7F9F9 /* DataStructures */,
				C3471F4A266B88B600E7F9F9 /* AppDelegate.swift */,
				C3262DA026832A6D00025A60 /* DashboardViewController.swift */,
				C3262DA126832A6D00025A60 /* DashboardViewController.xib */,
				C3471F4C266B88B600E7F9F9 /* SceneDelegate.swift */,
				C3471F4E266B88B600E7F9F9 /* ViewController.swift */,
				C3262D9226829BD000025A60 /* Extension.swift */,
				C3471F50266B88B600E7F9F9 /* Main.storyboard */,
				C3471F53266B88BA00E7F9F9 /* Assets.xcassets */,
				C3471F55266B88BA00E7F9F9 /* LaunchScreen.storyboard */,
				C3471F58266B88BA00E7F9F9 /* Info.plist */,
			);
			path = VaccineAssistant;
			sourceTree = "<group>";
		};
		C3471F60266B88BA00E7F9F9 /* VaccineAssistantTests */ = {
			isa = PBXGroup;
			children = (
				C3471F61266B88BA00E7F9F9 /* VaccineAssistantTests.swift */,
				C3471F63266B88BA00E7F9F9 /* Info.plist */,
			);
			path = VaccineAssistantTests;
			sourceTree = "<group>";
		};
		C3471F6B266B88BA00E7F9F9 /* VaccineAssistantUITests */ = {
			isa = PBXGroup;
			children = (
				C3471F6C266B88BA00E7F9F9 /* VaccineAssistantUITests.swift */,
				C3471F6E266B88BA00E7F9F9 /* Info.plist */,
			);
			path = VaccineAssistantUITests;
			sourceTree = "<group>";
		};
		C3471F7A266B8BB500E7F9F9 /* DataStructures */ = {
			isa = PBXGroup;
			children = (
				C3262D9426829D9C00025A60 /* Factories */,
				C3262D962682ACA200025A60 /* Interfaces */,
				C3262D952682A09F00025A60 /* ConcreteClasses */,
				C3262D972682ACBB00025A60 /* Builder */,
				C3262DA426832C4400025A60 /* Singleton */,
			);
			path = DataStructures;
			sourceTree = "<group>";
		};
/* End PBXGroup section */

/* Begin PBXNativeTarget section */
		C3471F46266B88B600E7F9F9 /* VaccineAssistant */ = {
			isa = PBXNativeTarget;
			buildConfigurationList = C3471F71266B88BA00E7F9F9 /* Build configuration list for PBXNativeTarget "VaccineAssistant" */;
			buildPhases = (
				C3471F43266B88B600E7F9F9 /* Sources */,
				C3471F44266B88B600E7F9F9 /* Frameworks */,
				C3471F45266B88B600E7F9F9 /* Resources */,
			);
			buildRules = (
			);
			dependencies = (
			);
			name = VaccineAssistant;
			productName = VaccineAssistant;
			productReference = C3471F47266B88B600E7F9F9 /* VaccineAssistant.app */;
			productType = "com.apple.product-type.application";
		};
		C3471F5C266B88BA00E7F9F9 /* VaccineAssistantTests */ = {
			isa = PBXNativeTarget;
			buildConfigurationList = C3471F74266B88BA00E7F9F9 /* Build configuration list for PBXNativeTarget "VaccineAssistantTests" */;
			buildPhases = (
				C3471F59266B88BA00E7F9F9 /* Sources */,
				C3471F5A266B88BA00E7F9F9 /* Frameworks */,
				C3471F5B266B88BA00E7F9F9 /* Resources */,
			);
			buildRules = (
			);
			dependencies = (
				C3471F5F266B88BA00E7F9F9 /* PBXTargetDependency */,
			);
			name = VaccineAssistantTests;
			productName = VaccineAssistantTests;
			productReference = C3471F5D266B88BA00E7F9F9 /* VaccineAssistantTests.xctest */;
			productType = "com.apple.product-type.bundle.unit-test";
		};
		C3471F67266B88BA00E7F9F9 /* VaccineAssistantUITests */ = {
			isa = PBXNativeTarget;
			buildConfigurationList = C3471F77266B88BA00E7F9F9 /* Build configuration list for PBXNativeTarget "VaccineAssistantUITests" */;
			buildPhases = (
				C3471F64266B88BA00E7F9F9 /* Sources */,
				C3471F65266B88BA00E7F9F9 /* Frameworks */,
				C3471F66266B88BA00E7F9F9 /* Resources */,
			);
			buildRules = (
			);
			dependencies = (
				C3471F6A266B88BA00E7F9F9 /* PBXTargetDependency */,
			);
			name = VaccineAssistantUITests;
			productName = VaccineAssistantUITests;
			productReference = C3471F68266B88BA00E7F9F9 /* VaccineAssistantUITests.xctest */;
			productType = "com.apple.product-type.bundle.ui-testing";
		};
/* End PBXNativeTarget section */

/* Begin PBXProject section */
		C3471F3F266B88B600E7F9F9 /* Project object */ = {
			isa = PBXProject;
			attributes = {
				LastSwiftUpdateCheck = 1250;
				LastUpgradeCheck = 1250;
				TargetAttributes = {
					C3471F46266B88B600E7F9F9 = {
						CreatedOnToolsVersion = 12.5;
					};
					C3471F5C266B88BA00E7F9F9 = {
						CreatedOnToolsVersion = 12.5;
						TestTargetID = C3471F46266B88B600E7F9F9;
					};
					C3471F67266B88BA00E7F9F9 = {
						CreatedOnToolsVersion = 12.5;
						TestTargetID = C3471F46266B88B600E7F9F9;
					};
				};
			};
			buildConfigurationList = C3471F42266B88B600E7F9F9 /* Build configuration list for PBXProject "VaccineAssistant" */;
			compatibilityVersion = "Xcode 9.3";
			developmentRegion = en;
			hasScannedForEncodings = 0;
			knownRegions = (
				en,
				Base,
			);
			mainGroup = C3471F3E266B88B600E7F9F9;
			productRefGroup = C3471F48266B88B600E7F9F9 /* Products */;
			projectDirPath = "";
			projectRoot = "";
			targets = (
				C3471F46266B88B600E7F9F9 /* VaccineAssistant */,
				C3471F5C266B88BA00E7F9F9 /* VaccineAssistantTests */,
				C3471F67266B88BA00E7F9F9 /* VaccineAssistantUITests */,
			);
		};
/* End PBXProject section */

/* Begin PBXResourcesBuildPhase section */
		C3471F45266B88B600E7F9F9 /* Resources */ = {
			isa = PBXResourcesBuildPhase;
			buildActionMask = 2147483647;
			files = (
				C3471F57266B88BA00E7F9F9 /* LaunchScreen.storyboard in Resources */,
				C3471F54266B88BA00E7F9F9 /* Assets.xcassets in Resources */,
				C3471F52266B88B600E7F9F9 /* Main.storyboard in Resources */,
				C3262DA326832A6D00025A60 /* DashboardViewController.xib in Resources */,
			);
			runOnlyForDeploymentPostprocessing = 0;
		};
		C3471F5B266B88BA00E7F9F9 /* Resources */ = {
			isa = PBXResourcesBuildPhase;
			buildActionMask = 2147483647;
			files = (
			);
			runOnlyForDeploymentPostprocessing = 0;
		};
		C3471F66266B88BA00E7F9F9 /* Resources */ = {
			isa = PBXResourcesBuildPhase;
			buildActionMask = 2147483647;
			files = (
			);
			runOnlyForDeploymentPostprocessing = 0;
		};
/* End PBXResourcesBuildPhase section */

/* Begin PBXSourcesBuildPhase section */
		C3471F43266B88B600E7F9F9 /* Sources */ = {
			isa = PBXSourcesBuildPhase;
			buildActionMask = 2147483647;
			files = (
				C3262D9D2682AE8600025A60 /* VaccinationCenterBuilder.swift in Sources */,
				C3262DA226832A6D00025A60 /* DashboardViewController.swift in Sources */,
				C3262D992682ACD300025A60 /* VaccinationCenter.swift in Sources */,
				C3471F84266BB3BB00E7F9F9 /* LocalVaccineFactory.swift in Sources */,
				C3471F86266BB5EB00E7F9F9 /* ImportedDengueVaccine.swift in Sources */,
				C3471F7C266B8C0D00E7F9F9 /* VaccineFactory.swift in Sources */,
				C3262D91268299C900025A60 /* LocalCovid19Vaccine.swift in Sources */,
				C3471F4F266B88B600E7F9F9 /* ViewController.swift in Sources */,
				C3262D8F2682996200025A60 /* ImportedCovid19Vaccine.swift in Sources */,
				C3471F7E266BB07300E7F9F9 /* Covid19Vaccine.swift in Sources */,
				C3471F82266BB35C00E7F9F9 /* ImportedVaccineFactory.swift in Sources */,
				C3471F4B266B88B600E7F9F9 /* AppDelegate.swift in Sources */,
				C3262D9326829BD000025A60 /* Extension.swift in Sources */,
				C3471F4D266B88B600E7F9F9 /* SceneDelegate.swift in Sources */,
				C3262D9F2682B2FC00025A60 /* Director.swift in Sources */,
				C3471F80266BB22C00E7F9F9 /* DengueVaccine.swift in Sources */,
				C3471F88266BB5FE00E7F9F9 /* LocalDengueVaccine.swift in Sources */,
				C3262DA626832C6D00025A60 /* LocationManager.swift in Sources */,
				C3262D9B2682AD0600025A60 /* Builder.swift in Sources */,
			);
			runOnlyForDeploymentPostprocessing = 0;
		};
		C3471F59266B88BA00E7F9F9 /* Sources */ = {
			isa = PBXSourcesBuildPhase;
			buildActionMask = 2147483647;
			files = (
				C3471F62266B88BA00E7F9F9 /* VaccineAssistantTests.swift in Sources */,
			);
			runOnlyForDeploymentPostprocessing = 0;
		};
		C3471F64266B88BA00E7F9F9 /* Sources */ = {
			isa = PBXSourcesBuildPhase;
			buildActionMask = 2147483647;
			files = (
				C3471F6D266B88BA00E7F9F9 /* VaccineAssistantUITests.swift in Sources */,
			);
			runOnlyForDeploymentPostprocessing = 0;
		};
/* End PBXSourcesBuildPhase section */

/* Begin PBXTargetDependency section */
		C3471F5F266B88BA00E7F9F9 /* PBXTargetDependency */ = {
			isa = PBXTargetDependency;
			target = C3471F46266B88B600E7F9F9 /* VaccineAssistant */;
			targetProxy = C3471F5E266B88BA00E7F9F9 /* PBXContainerItemProxy */;
		};
		C3471F6A266B88BA00E7F9F9 /* PBXTargetDependency */ = {
			isa = PBXTargetDependency;
			target = C3471F46266B88B600E7F9F9 /* VaccineAssistant */;
			targetProxy = C3471F69266B88BA00E7F9F9 /* PBXContainerItemProxy */;
		};
/* End PBXTargetDependency section */

/* Begin PBXVariantGroup section */
		C3471F50266B88B600E7F9F9 /* Main.storyboard */ = {
			isa = PBXVariantGroup;
			children = (
				C3471F51266B88B600E7F9F9 /* Base */,
			);
			name = Main.storyboard;
			sourceTree = "<group>";
		};
		C3471F55266B88BA00E7F9F9 /* LaunchScreen.storyboard */ = {
			isa = PBXVariantGroup;
			children = (
				C3471F56266B88BA00E7F9F9 /* Base */,
			);
			name = LaunchScreen.storyboard;
			sourceTree = "<group>";
		};
/* End PBXVariantGroup section */

/* Begin XCBuildConfiguration section */
		C3471F6F266B88BA00E7F9F9 /* Debug */ = {
			isa = XCBuildConfiguration;
			buildSettings = {
				ALWAYS_SEARCH_USER_PATHS = NO;
				CLANG_ANALYZER_NONNULL = YES;
				CLANG_ANALYZER_NUMBER_OBJECT_CONVERSION = YES_AGGRESSIVE;
				CLANG_CXX_LANGUAGE_STANDARD = "gnu++14";
				CLANG_CXX_LIBRARY = "libc++";
				CLANG_ENABLE_MODULES = YES;
				CLANG_ENABLE_OBJC_ARC = YES;
				CLANG_ENABLE_OBJC_WEAK = YES;
				CLANG_WARN_BLOCK_CAPTURE_AUTORELEASING = YES;
				CLANG_WARN_BOOL_CONVERSION = YES;
				CLANG_WARN_COMMA = YES;
				CLANG_WARN_CONSTANT_CONVERSION = YES;
				CLANG_WARN_DEPRECATED_OBJC_IMPLEMENTATIONS = YES;
				CLANG_WARN_DIRECT_OBJC_ISA_USAGE = YES_ERROR;
				CLANG_WARN_DOCUMENTATION_COMMENTS = YES;
				CLANG_WARN_EMPTY_BODY = YES;
				CLANG_WARN_ENUM_CONVERSION = YES;
				CLANG_WARN_INFINITE_RECURSION = YES;
				CLANG_WARN_INT_CONVERSION = YES;
				CLANG_WARN_NON_LITERAL_NULL_CONVERSION = YES;
				CLANG_WARN_OBJC_IMPLICIT_RETAIN_SELF = YES;
				CLANG_WARN_OBJC_LITERAL_CONVERSION = YES;
				CLANG_WARN_OBJC_ROOT_CLASS = YES_ERROR;
				CLANG_WARN_QUOTED_INCLUDE_IN_FRAMEWORK_HEADER = YES;
				CLANG_WARN_RANGE_LOOP_ANALYSIS = YES;
				CLANG_WARN_STRICT_PROTOTYPES = YES;
				CLANG_WARN_SUSPICIOUS_MOVE = YES;
				CLANG_WARN_UNGUARDED_AVAILABILITY = YES_AGGRESSIVE;
				CLANG_WARN_UNREACHABLE_CODE = YES;
				CLANG_WARN__DUPLICATE_METHOD_MATCH = YES;
				COPY_PHASE_STRIP = NO;
				DEBUG_INFORMATION_FORMAT = dwarf;
				ENABLE_STRICT_OBJC_MSGSEND = YES;
				ENABLE_TESTABILITY = YES;
				GCC_C_LANGUAGE_STANDARD = gnu11;
				GCC_DYNAMIC_NO_PIC = NO;
				GCC_NO_COMMON_BLOCKS = YES;
				GCC_OPTIMIZATION_LEVEL = 0;
				GCC_PREPROCESSOR_DEFINITIONS = (
					"DEBUG=1",
					"$(inherited)",
				);
				GCC_WARN_64_TO_32_BIT_CONVERSION = YES;
				GCC_WARN_ABOUT_RETURN_TYPE = YES_ERROR;
				GCC_WARN_UNDECLARED_SELECTOR = YES;
				GCC_WARN_UNINITIALIZED_AUTOS = YES_AGGRESSIVE;
				GCC_WARN_UNUSED_FUNCTION = YES;
				GCC_WARN_UNUSED_VARIABLE = YES;
				IPHONEOS_DEPLOYMENT_TARGET = 14.5;
				MTL_ENABLE_DEBUG_INFO = INCLUDE_SOURCE;
				MTL_FAST_MATH = YES;
				ONLY_ACTIVE_ARCH = YES;
				SDKROOT = iphoneos;
				SWIFT_ACTIVE_COMPILATION_CONDITIONS = DEBUG;
				SWIFT_OPTIMIZATION_LEVEL = "-Onone";
			};
			name = Debug;
		};
		C3471F70266B88BA00E7F9F9 /* Release */ = {
			isa = XCBuildConfiguration;
			buildSettings = {
				ALWAYS_SEARCH_USER_PATHS = NO;
				CLANG_ANALYZER_NONNULL = YES;
				CLANG_ANALYZER_NUMBER_OBJECT_CONVERSION = YES_AGGRESSIVE;
				CLANG_CXX_LANGUAGE_STANDARD = "gnu++14";
				CLANG_CXX_LIBRARY = "libc++";
				CLANG_ENABLE_MODULES = YES;
				CLANG_ENABLE_OBJC_ARC = YES;
				CLANG_ENABLE_OBJC_WEAK = YES;
				CLANG_WARN_BLOCK_CAPTURE_AUTORELEASING = YES;
				CLANG_WARN_BOOL_CONVERSION = YES;
				CLANG_WARN_COMMA = YES;
				CLANG_WARN_CONSTANT_CONVERSION = YES;
				CLANG_WARN_DEPRECATED_OBJC_IMPLEMENTATIONS = YES;
				CLANG_WARN_DIRECT_OBJC_ISA_USAGE = YES_ERROR;
				CLANG_WARN_DOCUMENTATION_COMMENTS = YES;
				CLANG_WARN_EMPTY_BODY = YES;
				CLANG_WARN_ENUM_CONVERSION = YES;
				CLANG_WARN_INFINITE_RECURSION = YES;
				CLANG_WARN_INT_CONVERSION = YES;
				CLANG_WARN_NON_LITERAL_NULL_CONVERSION = YES;
				CLANG_WARN_OBJC_IMPLICIT_RETAIN_SELF = YES;
				CLANG_WARN_OBJC_LITERAL_CONVERSION = YES;
				CLANG_WARN_OBJC_ROOT_CLASS = YES_ERROR;
				CLANG_WARN_QUOTED_INCLUDE_IN_FRAMEWORK_HEADER = YES;
				CLANG_WARN_RANGE_LOOP_ANALYSIS = YES;
				CLANG_WARN_STRICT_PROTOTYPES = YES;
				CLANG_WARN_SUSPICIOUS_MOVE = YES;
				CLANG_WARN_UNGUARDED_AVAILABILITY = YES_AGGRESSIVE;
				CLANG_WARN_UNREACHABLE_CODE = YES;
				CLANG_WARN__DUPLICATE_METHOD_MATCH = YES;
				COPY_PHASE_STRIP = NO;
				DEBUG_INFORMATION_FORMAT = "dwarf-with-dsym";
				ENABLE_NS_ASSERTIONS = NO;
				ENABLE_STRICT_OBJC_MSGSEND = YES;
				GCC_C_LANGUAGE_STANDARD = gnu11;
				GCC_NO_COMMON_BLOCKS = YES;
				GCC_WARN_64_TO_32_BIT_CONVERSION = YES;
				GCC_WARN_ABOUT_RETURN_TYPE = YES_ERROR;
				GCC_WARN_UNDECLARED_SELECTOR = YES;
				GCC_WARN_UNINITIALIZED_AUTOS = YES_AGGRESSIVE;
				GCC_WARN_UNUSED_FUNCTION = YES;
				GCC_WARN_UNUSED_VARIABLE = YES;
				IPHONEOS_DEPLOYMENT_TARGET = 14.5;
				MTL_ENABLE_DEBUG_INFO = NO;
				MTL_FAST_MATH = YES;
				SDKROOT = iphoneos;
				SWIFT_COMPILATION_MODE = wholemodule;
				SWIFT_OPTIMIZATION_LEVEL = "-O";
				VALIDATE_PRODUCT = YES;
			};
			name = Release;
		};
		C3471F72266B88BA00E7F9F9 /* Debug */ = {
			isa = XCBuildConfiguration;
			buildSettings = {
				ASSETCATALOG_COMPILER_APPICON_NAME = AppIcon;
				ASSETCATALOG_COMPILER_GLOBAL_ACCENT_COLOR_NAME = AccentColor;
				CODE_SIGN_IDENTITY = "iPhone Distribution";
				CODE_SIGN_STYLE = Manual;
				DEVELOPMENT_TEAM = V3XSAK8ANR;
				INFOPLIST_FILE = VaccineAssistant/Info.plist;
				LD_RUNPATH_SEARCH_PATHS = (
					"$(inherited)",
					"@executable_path/Frameworks",
				);
				PRODUCT_BUNDLE_IDENTIFIER = com.10pearls.surfmobile;
				PRODUCT_NAME = "$(TARGET_NAME)";
				PROVISIONING_PROFILE_SPECIFIER = "SurfMobile-InHouse";
				SWIFT_VERSION = 5.0;
				TARGETED_DEVICE_FAMILY = "1,2";
			};
			name = Debug;
		};
		C3471F73266B88BA00E7F9F9 /* Release */ = {
			isa = XCBuildConfiguration;
			buildSettings = {
				ASSETCATALOG_COMPILER_APPICON_NAME = AppIcon;
				ASSETCATALOG_COMPILER_GLOBAL_ACCENT_COLOR_NAME = AccentColor;
				CODE_SIGN_IDENTITY = "iPhone Distribution";
				CODE_SIGN_STYLE = Manual;
				DEVELOPMENT_TEAM = V3XSAK8ANR;
				INFOPLIST_FILE = VaccineAssistant/Info.plist;
				LD_RUNPATH_SEARCH_PATHS = (
					"$(inherited)",
					"@executable_path/Frameworks",
				);
				PRODUCT_BUNDLE_IDENTIFIER = com.10pearls.surfmobile;
				PRODUCT_NAME = "$(TARGET_NAME)";
				PROVISIONING_PROFILE_SPECIFIER = "SurfMobile-InHouse";
				SWIFT_VERSION = 5.0;
				TARGETED_DEVICE_FAMILY = "1,2";
			};
			name = Release;
		};
		C3471F75266B88BA00E7F9F9 /* Debug */ = {
			isa = XCBuildConfiguration;
			buildSettings = {
				ALWAYS_EMBED_SWIFT_STANDARD_LIBRARIES = YES;
				BUNDLE_LOADER = "$(TEST_HOST)";
				CODE_SIGN_STYLE = Automatic;
				INFOPLIST_FILE = VaccineAssistantTests/Info.plist;
				IPHONEOS_DEPLOYMENT_TARGET = 14.5;
				LD_RUNPATH_SEARCH_PATHS = (
					"$(inherited)",
					"@executable_path/Frameworks",
					"@loader_path/Frameworks",
				);
				PRODUCT_BUNDLE_IDENTIFIER = Asad.VaccineAssistantTests;
				PRODUCT_NAME = "$(TARGET_NAME)";
				SWIFT_VERSION = 5.0;
				TARGETED_DEVICE_FAMILY = "1,2";
				TEST_HOST = "$(BUILT_PRODUCTS_DIR)/VaccineAssistant.app/VaccineAssistant";
			};
			name = Debug;
		};
		C3471F76266B88BA00E7F9F9 /* Release */ = {
			isa = XCBuildConfiguration;
			buildSettings = {
				ALWAYS_EMBED_SWIFT_STANDARD_LIBRARIES = YES;
				BUNDLE_LOADER = "$(TEST_HOST)";
				CODE_SIGN_STYLE = Automatic;
				INFOPLIST_FILE = VaccineAssistantTests/Info.plist;
				IPHONEOS_DEPLOYMENT_TARGET = 14.5;
				LD_RUNPATH_SEARCH_PATHS = (
					"$(inherited)",
					"@executable_path/Frameworks",
					"@loader_path/Frameworks",
				);
				PRODUCT_BUNDLE_IDENTIFIER = Asad.VaccineAssistantTests;
				PRODUCT_NAME = "$(TARGET_NAME)";
				SWIFT_VERSION = 5.0;
				TARGETED_DEVICE_FAMILY = "1,2";
				TEST_HOST = "$(BUILT_PRODUCTS_DIR)/VaccineAssistant.app/VaccineAssistant";
			};
			name = Release;
		};
		C3471F78266B88BA00E7F9F9 /* Debug */ = {
			isa = XCBuildConfiguration;
			buildSettings = {
				ALWAYS_EMBED_SWIFT_STANDARD_LIBRARIES = YES;
				CODE_SIGN_STYLE = Automatic;
				INFOPLIST_FILE = VaccineAssistantUITests/Info.plist;
				LD_RUNPATH_SEARCH_PATHS = (
					"$(inherited)",
					"@executable_path/Frameworks",
					"@loader_path/Frameworks",
				);
				PRODUCT_BUNDLE_IDENTIFIER = Asad.VaccineAssistantUITests;
				PRODUCT_NAME = "$(TARGET_NAME)";
				SWIFT_VERSION = 5.0;
				TARGETED_DEVICE_FAMILY = "1,2";
				TEST_TARGET_NAME = VaccineAssistant;
			};
			name = Debug;
		};
		C3471F79266B88BA00E7F9F9 /* Release */ = {
			isa = XCBuildConfiguration;
			buildSettings = {
				ALWAYS_EMBED_SWIFT_STANDARD_LIBRARIES = YES;
				CODE_SIGN_STYLE = Automatic;
				INFOPLIST_FILE = VaccineAssistantUITests/Info.plist;
				LD_RUNPATH_SEARCH_PATHS = (
					"$(inherited)",
					"@executable_path/Frameworks",
					"@loader_path/Frameworks",
				);
				PRODUCT_BUNDLE_IDENTIFIER = Asad.VaccineAssistantUITests;
				PRODUCT_NAME = "$(TARGET_NAME)";
				SWIFT_VERSION = 5.0;
				TARGETED_DEVICE_FAMILY = "1,2";
				TEST_TARGET_NAME = VaccineAssistant;
			};
			name = Release;
		};
/* End XCBuildConfiguration section */

/* Begin XCConfigurationList section */
		C3471F42266B88B600E7F9F9 /* Build configuration list for PBXProject "VaccineAssistant" */ = {
			isa = XCConfigurationList;
			buildConfigurations = (
				C3471F6F266B88BA00E7F9F9 /* Debug */,
				C3471F70266B88BA00E7F9F9 /* Release */,
			);
			defaultConfigurationIsVisible = 0;
			defaultConfigurationName = Release;
		};
		C3471F71266B88BA00E7F9F9 /* Build configuration list for PBXNativeTarget "VaccineAssistant" */ = {
			isa = XCConfigurationList;
			buildConfigurations = (
				C3471F72266B88BA00E7F9F9 /* Debug */,
				C3471F73266B88BA00E7F9F9 /* Release */,
			);
			defaultConfigurationIsVisible = 0;
			defaultConfigurationName = Release;
		};
		C3471F74266B88BA00E7F9F9 /* Build configuration list for PBXNativeTarget "VaccineAssistantTests" */ = {
			isa = XCConfigurationList;
			buildConfigurations = (
				C3471F75266B88BA00E7F9F9 /* Debug */,
				C3471F76266B88BA00E7F9F9 /* Release */,
			);
			defaultConfigurationIsVisible = 0;
			defaultConfigurationName = Release;
		};
		C3471F77266B88BA00E7F9F9 /* Build configuration list for PBXNativeTarget "VaccineAssistantUITests" */ = {
			isa = XCConfigurationList;
			buildConfigurations = (
				C3471F78266B88BA00E7F9F9 /* Debug */,
				C3471F79266B88BA00E7F9F9 /* Release */,
			);
			defaultConfigurationIsVisible = 0;
			defaultConfigurationName = Release;
		};
/* End XCConfigurationList section */
	};
	rootObject = C3471F3F266B88B600E7F9F9 /* Project object */;
}
